
Microsoft Visual Studio Solution File, Format Version 12.00
# Visual Studio 2012
Project("{E24C65DC-7377-472B-9ABA-BC803B73C61A}") = "PRISM", ".", "{FB9B75EE-3BD7-4157-AC7C-4E6BE3D5FC10}"
	ProjectSection(WebsiteProperties) = preProject
		TargetFrameworkMoniker = ".NETFramework,Version%3Dv3.5"
		Debug.AspNetCompiler.VirtualPath = "/PRISM"
		Debug.AspNetCompiler.PhysicalPath = "..\PRISM\"
		Debug.AspNetCompiler.TargetPath = "PrecompiledWeb\PRISM\"
		Debug.AspNetCompiler.Updateable = "true"
		Debug.AspNetCompiler.ForceOverwrite = "true"
		Debug.AspNetCompiler.FixedNames = "false"
		Debug.AspNetCompiler.Debug = "True"
		Release.AspNetCompiler.VirtualPath = "/PRISM"
		Release.AspNetCompiler.PhysicalPath = "..\PRISM\"
		Release.AspNetCompiler.TargetPath = "PrecompiledWeb\PRISM\"
		Release.AspNetCompiler.Updateable = "true"
		Release.AspNetCompiler.ForceOverwrite = "true"
		Release.AspNetCompiler.FixedNames = "false"
		Release.AspNetCompiler.Debug = "False"
		VWDPort = "50277"
	EndProjectSection
EndProject
Global
	GlobalSection(SolutionConfigurationPlatforms) = preSolution
		Debug|Any CPU = Debug|Any CPU
	EndGlobalSection
	GlobalSection(ProjectConfigurationPlatforms) = postSolution
		{FB9B75EE-3BD7-4157-AC7C-4E6BE3D5FC10}.Debug|Any CPU.ActiveCfg = Debug|Any CPU
		{FB9B75EE-3BD7-4157-AC7C-4E6BE3D5FC10}.Debug|Any CPU.Build.0 = Debug|Any CPU
	EndGlobalSection
	GlobalSection(SolutionProperties) = preSolution
		HideSolutionNode = FALSE
	EndGlobalSection
EndGlobal
